
Microsoft Visual Studio Solution File, Format Version 12.00
# Visual Studio Version 17
VisualStudioVersion = 17.4.33213.308
MinimumVisualStudioVersion = 10.0.40219.1
Project("{FAE04EC0-301F-11D3-BF4B-00C04F79EFBC}") = "Lista1_Exercicio1", "Lista1_Exercicio1.csproj", "{38E62131-4F12-46E5-B433-C26AA1C846B2}"
EndProject
Project("{FAE04EC0-301F-11D3-BF4B-00C04F79EFBC}") = "Lista1_Exercicio4", "..\Lista1_Exercicio4\Lista1_Exercicio4.csproj", "{1EE651F1-4C28-4D7F-BBFF-D140BC57869C}"
EndProject
Project("{FAE04EC0-301F-11D3-BF4B-00C04F79EFBC}") = "Lista1_Exercicio2", "..\Lista1_Exercicio2\Lista1_Exercicio2.csproj", "{755BDF79-B7D1-477B-9C4E-D484998D3E3E}"
EndProject
Project("{FAE04EC0-301F-11D3-BF4B-00C04F79EFBC}") = "Lista2_Exercicio5", "..\Lista2_Exercicio5\Lista2_Exercicio5.csproj", "{46D6FEEA-0E2D-4152-9531-E63933F06D91}"
EndProject
Project("{FAE04EC0-301F-11D3-BF4B-00C04F79EFBC}") = "Lista2_Exercicio8", "..\Lista2_Exercicio8\Lista2_Exercicio8.csproj", "{8F5AABFF-08EA-4A7A-A7D6-D1B9A86665C0}"
EndProject
Global
	GlobalSection(SolutionConfigurationPlatforms) = preSolution
		Debug|Any CPU = Debug|Any CPU
		Release|Any CPU = Release|Any CPU
	EndGlobalSection
	GlobalSection(ProjectConfigurationPlatforms) = postSolution
		{38E62131-4F12-46E5-B433-C26AA1C846B2}.Debug|Any CPU.ActiveCfg = Debug|Any CPU
		{38E62131-4F12-46E5-B433-C26AA1C846B2}.Debug|Any CPU.Build.0 = Debug|Any CPU
		{38E62131-4F12-46E5-B433-C26AA1C846B2}.Release|Any CPU.ActiveCfg = Release|Any CPU
		{38E62131-4F12-46E5-B433-C26AA1C846B2}.Release|Any CPU.Build.0 = Release|Any CPU
		{1EE651F1-4C28-4D7F-BBFF-D140BC57869C}.Debug|Any CPU.ActiveCfg = Debug|Any CPU
		{1EE651F1-4C28-4D7F-BBFF-D140BC57869C}.Debug|Any CPU.Build.0 = Debug|Any CPU
		{1EE651F1-4C28-4D7F-BBFF-D140BC57869C}.Release|Any CPU.ActiveCfg = Release|Any CPU
		{1EE651F1-4C28-4D7F-BBFF-D140BC57869C}.Release|Any CPU.Build.0 = Release|Any CPU
		{755BDF79-B7D1-477B-9C4E-D484998D3E3E}.Debug|Any CPU.ActiveCfg = Debug|Any CPU
		{755BDF79-B7D1-477B-9C4E-D484998D3E3E}.Debug|Any CPU.Build.0 = Debug|Any CPU
		{755BDF79-B7D1-477B-9C4E-D484998D3E3E}.Release|Any CPU.ActiveCfg = Release|Any CPU
		{755BDF79-B7D1-477B-9C4E-D484998D3E3E}.Release|Any CPU.Build.0 = Release|Any CPU
		{46D6FEEA-0E2D-4152-9531-E63933F06D91}.Debug|Any CPU.ActiveCfg = Debug|Any CPU
		{46D6FEEA-0E2D-4152-9531-E63933F06D91}.Debug|Any CPU.Build.0 = Debug|Any CPU
		{46D6FEEA-0E2D-4152-9531-E63933F06D91}.Release|Any CPU.ActiveCfg = Release|Any CPU
		{46D6FEEA-0E2D-4152-9531-E63933F06D91}.Release|Any CPU.Build.0 = Release|Any CPU
		{8F5AABFF-08EA-4A7A-A7D6-D1B9A86665C0}.Debug|Any CPU.ActiveCfg = Debug|Any CPU
		{8F5AABFF-08EA-4A7A-A7D6-D1B9A86665C0}.Debug|Any CPU.Build.0 = Debug|Any CPU
		{8F5AABFF-08EA-4A7A-A7D6-D1B9A86665C0}.Release|Any CPU.ActiveCfg = Release|Any CPU
		{8F5AABFF-08EA-4A7A-A7D6-D1B9A86665C0}.Release|Any CPU.Build.0 = Release|Any CPU
	EndGlobalSection
	GlobalSection(SolutionProperties) = preSolution
		HideSolutionNode = FALSE
	EndGlobalSection
	GlobalSection(ExtensibilityGlobals) = postSolution
		SolutionGuid = {58270B50-DFA6-4C16-A679-C608F4E7749D}
	EndGlobalSection
EndGlobal
