
Microsoft Visual Studio Solution File, Format Version 12.00
# Visual Studio Version 17
VisualStudioVersion = 17.4.33213.308
MinimumVisualStudioVersion = 10.0.40219.1
Project("{FAE04EC0-301F-11D3-BF4B-00C04F79EFBC}") = "PlanoSaude", "PlanoSaude.csproj", "{C2334DFC-3AC3-47B4-A770-3E7DD5CE00A7}"
EndProject
Project("{FAE04EC0-301F-11D3-BF4B-00C04F79EFBC}") = "ReajusteSalarial", "..\ReajusteSalarial\ReajusteSalarial.csproj", "{BBD47A05-69F0-4E38-A94E-29DD15394272}"
EndProject
Project("{FAE04EC0-301F-11D3-BF4B-00C04F79EFBC}") = "Notas", "..\Notas\Notas.csproj", "{FFE807FD-6C62-4101-90C7-3F33E2EC0375}"
EndProject
Global
	GlobalSection(SolutionConfigurationPlatforms) = preSolution
		Debug|Any CPU = Debug|Any CPU
		Release|Any CPU = Release|Any CPU
	EndGlobalSection
	GlobalSection(ProjectConfigurationPlatforms) = postSolution
		{C2334DFC-3AC3-47B4-A770-3E7DD5CE00A7}.Debug|Any CPU.ActiveCfg = Debug|Any CPU
		{C2334DFC-3AC3-47B4-A770-3E7DD5CE00A7}.Debug|Any CPU.Build.0 = Debug|Any CPU
		{C2334DFC-3AC3-47B4-A770-3E7DD5CE00A7}.Release|Any CPU.ActiveCfg = Release|Any CPU
		{C2334DFC-3AC3-47B4-A770-3E7DD5CE00A7}.Release|Any CPU.Build.0 = Release|Any CPU
		{BBD47A05-69F0-4E38-A94E-29DD15394272}.Debug|Any CPU.ActiveCfg = Debug|Any CPU
		{BBD47A05-69F0-4E38-A94E-29DD15394272}.Debug|Any CPU.Build.0 = Debug|Any CPU
		{BBD47A05-69F0-4E38-A94E-29DD15394272}.Release|Any CPU.ActiveCfg = Release|Any CPU
		{BBD47A05-69F0-4E38-A94E-29DD15394272}.Release|Any CPU.Build.0 = Release|Any CPU
		{FFE807FD-6C62-4101-90C7-3F33E2EC0375}.Debug|Any CPU.ActiveCfg = Debug|Any CPU
		{FFE807FD-6C62-4101-90C7-3F33E2EC0375}.Debug|Any CPU.Build.0 = Debug|Any CPU
		{FFE807FD-6C62-4101-90C7-3F33E2EC0375}.Release|Any CPU.ActiveCfg = Release|Any CPU
		{FFE807FD-6C62-4101-90C7-3F33E2EC0375}.Release|Any CPU.Build.0 = Release|Any CPU
	EndGlobalSection
	GlobalSection(SolutionProperties) = preSolution
		HideSolutionNode = FALSE
	EndGlobalSection
	GlobalSection(ExtensibilityGlobals) = postSolution
		SolutionGuid = {EA9D1517-A640-4BB0-96FC-22519FCC9E60}
	EndGlobalSection
EndGlobal
