
Microsoft Visual Studio Solution File, Format Version 12.00
# Visual Studio Version 17
VisualStudioVersion = 17.4.33213.308
MinimumVisualStudioVersion = 10.0.40219.1
Project("{FAE04EC0-301F-11D3-BF4B-00C04F79EFBC}") = "Transportes", "Transportes.csproj", "{BA17E731-4451-4EE4-89D7-49568DCA79AA}"
EndProject
Global
	GlobalSection(SolutionConfigurationPlatforms) = preSolution
		Debug|Any CPU = Debug|Any CPU
		Release|Any CPU = Release|Any CPU
	EndGlobalSection
	GlobalSection(ProjectConfigurationPlatforms) = postSolution
		{BA17E731-4451-4EE4-89D7-49568DCA79AA}.Debug|Any CPU.ActiveCfg = Debug|Any CPU
		{BA17E731-4451-4EE4-89D7-49568DCA79AA}.Debug|Any CPU.Build.0 = Debug|Any CPU
		{BA17E731-4451-4EE4-89D7-49568DCA79AA}.Release|Any CPU.ActiveCfg = Release|Any CPU
		{BA17E731-4451-4EE4-89D7-49568DCA79AA}.Release|Any CPU.Build.0 = Release|Any CPU
	EndGlobalSection
	GlobalSection(SolutionProperties) = preSolution
		HideSolutionNode = FALSE
	EndGlobalSection
	GlobalSection(ExtensibilityGlobals) = postSolution
		SolutionGuid = {3FC4BD2A-3F28-4C8C-9E6A-7D08878C9C2D}
	EndGlobalSection
EndGlobal
